
Microsoft Visual Studio Solution File, Format Version 12.00
# Visual Studio Version 16
VisualStudioVersion = 16.0.30114.105
MinimumVisualStudioVersion = 10.0.40219.1
Project("{FAE04EC0-301F-11D3-BF4B-00C04F79EFBC}") = "frontend", "frontend\src\frontend.csproj", "{EEAD5697-59BE-448E-8AD3-D8408DE8F20D}"
EndProject
Project("{FAE04EC0-301F-11D3-BF4B-00C04F79EFBC}") = "frontend.tests", "frontend\test\frontend.tests\frontend.tests.csproj", "{1D98394B-B940-4D33-9026-27677C0C7C07}"
EndProject
Project("{FAE04EC0-301F-11D3-BF4B-00C04F79EFBC}") = "profile.service", "profile.service\src\profile.service.csproj", "{4FE16096-0C73-4AC4-82CC-426209D682C9}"
EndProject
Global
	GlobalSection(SolutionConfigurationPlatforms) = preSolution
		Debug|Any CPU = Debug|Any CPU
		Debug|x64 = Debug|x64
		Debug|x86 = Debug|x86
		Release|Any CPU = Release|Any CPU
		Release|x64 = Release|x64
		Release|x86 = Release|x86
	EndGlobalSection
	GlobalSection(SolutionProperties) = preSolution
		HideSolutionNode = FALSE
	EndGlobalSection
	GlobalSection(ProjectConfigurationPlatforms) = postSolution
		{EEAD5697-59BE-448E-8AD3-D8408DE8F20D}.Debug|Any CPU.ActiveCfg = Debug|Any CPU
		{EEAD5697-59BE-448E-8AD3-D8408DE8F20D}.Debug|Any CPU.Build.0 = Debug|Any CPU
		{EEAD5697-59BE-448E-8AD3-D8408DE8F20D}.Debug|x64.ActiveCfg = Debug|Any CPU
		{EEAD5697-59BE-448E-8AD3-D8408DE8F20D}.Debug|x64.Build.0 = Debug|Any CPU
		{EEAD5697-59BE-448E-8AD3-D8408DE8F20D}.Debug|x86.ActiveCfg = Debug|Any CPU
		{EEAD5697-59BE-448E-8AD3-D8408DE8F20D}.Debug|x86.Build.0 = Debug|Any CPU
		{EEAD5697-59BE-448E-8AD3-D8408DE8F20D}.Release|Any CPU.ActiveCfg = Release|Any CPU
		{EEAD5697-59BE-448E-8AD3-D8408DE8F20D}.Release|Any CPU.Build.0 = Release|Any CPU
		{EEAD5697-59BE-448E-8AD3-D8408DE8F20D}.Release|x64.ActiveCfg = Release|Any CPU
		{EEAD5697-59BE-448E-8AD3-D8408DE8F20D}.Release|x64.Build.0 = Release|Any CPU
		{EEAD5697-59BE-448E-8AD3-D8408DE8F20D}.Release|x86.ActiveCfg = Release|Any CPU
		{EEAD5697-59BE-448E-8AD3-D8408DE8F20D}.Release|x86.Build.0 = Release|Any CPU
		{1D98394B-B940-4D33-9026-27677C0C7C07}.Debug|Any CPU.ActiveCfg = Debug|Any CPU
		{1D98394B-B940-4D33-9026-27677C0C7C07}.Debug|Any CPU.Build.0 = Debug|Any CPU
		{1D98394B-B940-4D33-9026-27677C0C7C07}.Debug|x64.ActiveCfg = Debug|Any CPU
		{1D98394B-B940-4D33-9026-27677C0C7C07}.Debug|x64.Build.0 = Debug|Any CPU
		{1D98394B-B940-4D33-9026-27677C0C7C07}.Debug|x86.ActiveCfg = Debug|Any CPU
		{1D98394B-B940-4D33-9026-27677C0C7C07}.Debug|x86.Build.0 = Debug|Any CPU
		{1D98394B-B940-4D33-9026-27677C0C7C07}.Release|Any CPU.ActiveCfg = Release|Any CPU
		{1D98394B-B940-4D33-9026-27677C0C7C07}.Release|Any CPU.Build.0 = Release|Any CPU
		{1D98394B-B940-4D33-9026-27677C0C7C07}.Release|x64.ActiveCfg = Release|Any CPU
		{1D98394B-B940-4D33-9026-27677C0C7C07}.Release|x64.Build.0 = Release|Any CPU
		{1D98394B-B940-4D33-9026-27677C0C7C07}.Release|x86.ActiveCfg = Release|Any CPU
		{1D98394B-B940-4D33-9026-27677C0C7C07}.Release|x86.Build.0 = Release|Any CPU
		{4FE16096-0C73-4AC4-82CC-426209D682C9}.Debug|Any CPU.ActiveCfg = Debug|Any CPU
		{4FE16096-0C73-4AC4-82CC-426209D682C9}.Debug|Any CPU.Build.0 = Debug|Any CPU
		{4FE16096-0C73-4AC4-82CC-426209D682C9}.Debug|x64.ActiveCfg = Debug|Any CPU
		{4FE16096-0C73-4AC4-82CC-426209D682C9}.Debug|x64.Build.0 = Debug|Any CPU
		{4FE16096-0C73-4AC4-82CC-426209D682C9}.Debug|x86.ActiveCfg = Debug|Any CPU
		{4FE16096-0C73-4AC4-82CC-426209D682C9}.Debug|x86.Build.0 = Debug|Any CPU
		{4FE16096-0C73-4AC4-82CC-426209D682C9}.Release|Any CPU.ActiveCfg = Release|Any CPU
		{4FE16096-0C73-4AC4-82CC-426209D682C9}.Release|Any CPU.Build.0 = Release|Any CPU
		{4FE16096-0C73-4AC4-82CC-426209D682C9}.Release|x64.ActiveCfg = Release|Any CPU
		{4FE16096-0C73-4AC4-82CC-426209D682C9}.Release|x64.Build.0 = Release|Any CPU
		{4FE16096-0C73-4AC4-82CC-426209D682C9}.Release|x86.ActiveCfg = Release|Any CPU
		{4FE16096-0C73-4AC4-82CC-426209D682C9}.Release|x86.Build.0 = Release|Any CPU
	EndGlobalSection
EndGlobal
